#include <SFML/Graphics.hpp>

int main()
{
    // Create a window with dimensions 800x600
    sf::RenderWindow window(sf::VideoMode(800, 600), "Green Circle Movement");

    // Define a green circle
    sf::CircleShape circle(50.f); // Circle radius = 50
    circle.setFillColor(sf::Color::Red); // Set the circle's color to green
    circle.setPosition(375.f, 275.f); // Initial position in the center

    // Movement speed
    const float movementSpeed = 500.0f; // Pixels per second

    // Clock for delta time calculation
    sf::Clock clock;

    // Main game loop
    while (window.isOpen())
    {
        // Handle events
        sf::Event event;
        while (window.pollEvent(event))
        {
            if (event.type == sf::Event::Closed)
                window.close();
        }

        // Calculate delta time
        float deltaTime = clock.restart().asSeconds();

        // Movement logic with arrow keys
        if (sf::Keyboard::isKeyPressed(sf::Keyboard::Left))
        {
            circle.move(-movementSpeed * deltaTime, 0);
        }
        if (sf::Keyboard::isKeyPressed(sf::Keyboard::Right))
        {
            circle.move(movementSpeed * deltaTime, 0);
        }
        if (sf::Keyboard::isKeyPressed(sf::Keyboard::Up))
        {
            circle.move(0, -movementSpeed * deltaTime);
        }
        if (sf::Keyboard::isKeyPressed(sf::Keyboard::Down))
        {
            circle.move(0, movementSpeed * deltaTime);
        }

        // Clear, draw, and display
        window.clear(sf::Color::White); // Clear with black background
        window.draw(circle);            // Draw the circle
        window.display();
    }

    return 0;
}
